schema: '2.0'
stages:
  train:
    cmd: python src/train.py
    deps:
    - path: data/iris.data
      md5: 42615765a885ddf54427f12c34a0a070
      size: 4551
    - path: src/train.py
      md5: 3cb3678d7dd7604c32e12a9585279ec4
      size: 340
    outs:
    - path: data/predict.txt
      md5: 0ffae0b531413a05920ffcedcdc1b79e
      size: 448
  evaluate:
    cmd: python src/evaluate.py
    deps:
    - path: data/iris.data
      md5: 42615765a885ddf54427f12c34a0a070
      size: 4551
    - path: data/predict.txt
      md5: 0ffae0b531413a05920ffcedcdc1b79e
      size: 448
    - path: src/evaluate.py
      md5: 37d1a07a617e78c75a47a6b1993f4b68
      size: 1737
    outs:
    - path: data/classes.csv
      md5: 488158bb85520dbec5d7e3b1d244b9fe
      size: 768
    - path: data/metrics.json
      md5: f3635956b4654c1c888a128a2d95ca03
      size: 95
