schema: '2.0'
stages:
  train:
    cmd: python src/train.py
    deps:
    - path: data/iris.data
      md5: 42615765a885ddf54427f12c34a0a070
      size: 4551
    - path: src/train.py
      md5: cef5d318006dc96cda799ff4969aeaa1
      size: 533
    outs:
    - path: data/predict.txt
      md5: 79b3aff3dd2519c5f95ad6141e09e909
      size: 448
  evaluate:
    cmd: python src/evaluate.py
    deps:
    - path: data/iris.data
      md5: 42615765a885ddf54427f12c34a0a070
      size: 4551
    - path: data/predict.txt
      md5: 79b3aff3dd2519c5f95ad6141e09e909
      size: 448
    - path: src/evaluate.py
      md5: 18e72e1fc770cb0ad5beaf070cf0944f
      size: 855
    outs:
    - path: data/classes.csv
      md5: 5568357aa35be355712d667b2d7d0f30
      size: 768
    - path: data/metrics.json
      md5: 7859f552f1787f8a499a13931b777543
      size: 50
